// !$*UTF8*$!
{
	archiveVersion = 1;
	classes = {
	};
	objectVersion = 56;
	objects = {

/* Begin PBXBuildFile section */
		263B05DDFCA3C53F918F1671 /* Pods_InvadeTask.framework in Frameworks */ = {isa = PBXBuildFile; fileRef = 6E69EA38AC630B60FDA51E49 /* Pods_InvadeTask.framework */; };
		F703EAEA2BE2B6E300E8EB30 /* AppDelegate.swift in Sources */ = {isa = PBXBuildFile; fileRef = F703EAE92BE2B6E300E8EB30 /* AppDelegate.swift */; };
		F703EAF32BE2B6E600E8EB30 /* Assets.xcassets in Resources */ = {isa = PBXBuildFile; fileRef = F703EAF22BE2B6E600E8EB30 /* Assets.xcassets */; };
		F703EAF62BE2B6E600E8EB30 /* LaunchScreen.storyboard in Resources */ = {isa = PBXBuildFile; fileRef = F703EAF42BE2B6E600E8EB30 /* LaunchScreen.storyboard */; };
		F703EB072BE2DA9C00E8EB30 /* ListingCell.swift in Sources */ = {isa = PBXBuildFile; fileRef = F703EB052BE2DA9C00E8EB30 /* ListingCell.swift */; };
		F703EB082BE2DA9C00E8EB30 /* ListingCell.xib in Resources */ = {isa = PBXBuildFile; fileRef = F703EB062BE2DA9C00E8EB30 /* ListingCell.xib */; };
		F703EB0A2BE2DADD00E8EB30 /* ListingViewController.swift in Sources */ = {isa = PBXBuildFile; fileRef = F703EB092BE2DADD00E8EB30 /* ListingViewController.swift */; };
		F703EB0C2BE2DC1200E8EB30 /* ListingPresenter.swift in Sources */ = {isa = PBXBuildFile; fileRef = F703EB0B2BE2DC1200E8EB30 /* ListingPresenter.swift */; };
		F703EB0E2BE2DC4000E8EB30 /* ListingInteractor.swift in Sources */ = {isa = PBXBuildFile; fileRef = F703EB0D2BE2DC4000E8EB30 /* ListingInteractor.swift */; };
		F703EB102BE2DCC800E8EB30 /* ListingRouter.swift in Sources */ = {isa = PBXBuildFile; fileRef = F703EB0F2BE2DCC800E8EB30 /* ListingRouter.swift */; };
		F703EB122BE2DD0500E8EB30 /* ListingProtocol.swift in Sources */ = {isa = PBXBuildFile; fileRef = F703EB112BE2DD0500E8EB30 /* ListingProtocol.swift */; };
		F703EB162BE2DDA900E8EB30 /* Listing.swift in Sources */ = {isa = PBXBuildFile; fileRef = F703EB152BE2DDA900E8EB30 /* Listing.swift */; };
		F703EB1B2BE2DE1D00E8EB30 /* NetworkLayer.swift in Sources */ = {isa = PBXBuildFile; fileRef = F703EB1A2BE2DE1D00E8EB30 /* NetworkLayer.swift */; };
		F703EB1F2BE2DE6500E8EB30 /* Constants.swift in Sources */ = {isa = PBXBuildFile; fileRef = F703EB1E2BE2DE6500E8EB30 /* Constants.swift */; };
		F71769302BE3140600F2728B /* DetailsScreenViewController.swift in Sources */ = {isa = PBXBuildFile; fileRef = F717692F2BE3140600F2728B /* DetailsScreenViewController.swift */; };
		F71769322BE318EE00F2728B /* DetailsScreenPresenter.swift in Sources */ = {isa = PBXBuildFile; fileRef = F71769312BE318EE00F2728B /* DetailsScreenPresenter.swift */; };
		F71769342BE31A4B00F2728B /* DetailsScreenProtocol.swift in Sources */ = {isa = PBXBuildFile; fileRef = F71769332BE31A4B00F2728B /* DetailsScreenProtocol.swift */; };
		F7DC94482BE38922006BEB11 /* Listing.storyboard in Resources */ = {isa = PBXBuildFile; fileRef = F7DC94472BE38922006BEB11 /* Listing.storyboard */; };
		F7DC944A2BE3899D006BEB11 /* Details.storyboard in Resources */ = {isa = PBXBuildFile; fileRef = F7DC94492BE3899D006BEB11 /* Details.storyboard */; };
		F7DC944D2BE38A41006BEB11 /* Globals.swift in Sources */ = {isa = PBXBuildFile; fileRef = F7DC944C2BE38A41006BEB11 /* Globals.swift */; };
		F7DC944F2BE38FCA006BEB11 /* DetailsInteractor.swift in Sources */ = {isa = PBXBuildFile; fileRef = F7DC944E2BE38FCA006BEB11 /* DetailsInteractor.swift */; };
		F7DC945E2BE3A94B006BEB11 /* ListingViewControllerTests.swift in Sources */ = {isa = PBXBuildFile; fileRef = F7DC945D2BE3A94B006BEB11 /* ListingViewControllerTests.swift */; };
		F7DC94602BE3AF16006BEB11 /* DetailsScreenViewControllerTests.swift in Sources */ = {isa = PBXBuildFile; fileRef = F7DC945F2BE3AF16006BEB11 /* DetailsScreenViewControllerTests.swift */; };
/* End PBXBuildFile section */

/* Begin PBXContainerItemProxy section */
		F7DC94582BE3A38E006BEB11 /* PBXContainerItemProxy */ = {
			isa = PBXContainerItemProxy;
			containerPortal = F703EADE2BE2B6E300E8EB30 /* Project object */;
			proxyType = 1;
			remoteGlobalIDString = F703EAE52BE2B6E300E8EB30;
			remoteInfo = InvadeTask;
		};
/* End PBXContainerItemProxy section */

/* Begin PBXFileReference section */
		59205E069C09E3DFDF15A943 /* Pods-InvadeTask.release.xcconfig */ = {isa = PBXFileReference; includeInIndex = 1; lastKnownFileType = text.xcconfig; name = "Pods-InvadeTask.release.xcconfig"; path = "Target Support Files/Pods-InvadeTask/Pods-InvadeTask.release.xcconfig"; sourceTree = "<group>"; };
		6E69EA38AC630B60FDA51E49 /* Pods_InvadeTask.framework */ = {isa = PBXFileReference; explicitFileType = wrapper.framework; includeInIndex = 0; path = Pods_InvadeTask.framework; sourceTree = BUILT_PRODUCTS_DIR; };
		C7276A25ED070BB9D5CB1691 /* Pods-InvadeTask.debug.xcconfig */ = {isa = PBXFileReference; includeInIndex = 1; lastKnownFileType = text.xcconfig; name = "Pods-InvadeTask.debug.xcconfig"; path = "Target Support Files/Pods-InvadeTask/Pods-InvadeTask.debug.xcconfig"; sourceTree = "<group>"; };
		F703EAE62BE2B6E300E8EB30 /* InvadeTask.app */ = {isa = PBXFileReference; explicitFileType = wrapper.application; includeInIndex = 0; path = InvadeTask.app; sourceTree = BUILT_PRODUCTS_DIR; };
		F703EAE92BE2B6E300E8EB30 /* AppDelegate.swift */ = {isa = PBXFileReference; lastKnownFileType = sourcecode.swift; path = AppDelegate.swift; sourceTree = "<group>"; };
		F703EAF22BE2B6E600E8EB30 /* Assets.xcassets */ = {isa = PBXFileReference; lastKnownFileType = folder.assetcatalog; path = Assets.xcassets; sourceTree = "<group>"; };
		F703EAF52BE2B6E600E8EB30 /* Base */ = {isa = PBXFileReference; lastKnownFileType = file.storyboard; name = Base; path = Base.lproj/LaunchScreen.storyboard; sourceTree = "<group>"; };
		F703EAF72BE2B6E600E8EB30 /* Info.plist */ = {isa = PBXFileReference; lastKnownFileType = text.plist.xml; path = Info.plist; sourceTree = "<group>"; };
		F703EB052BE2DA9C00E8EB30 /* ListingCell.swift */ = {isa = PBXFileReference; lastKnownFileType = sourcecode.swift; path = ListingCell.swift; sourceTree = "<group>"; };
		F703EB062BE2DA9C00E8EB30 /* ListingCell.xib */ = {isa = PBXFileReference; lastKnownFileType = file.xib; path = ListingCell.xib; sourceTree = "<group>"; };
		F703EB092BE2DADD00E8EB30 /* ListingViewController.swift */ = {isa = PBXFileReference; lastKnownFileType = sourcecode.swift; path = ListingViewController.swift; sourceTree = "<group>"; };
		F703EB0B2BE2DC1200E8EB30 /* ListingPresenter.swift */ = {isa = PBXFileReference; lastKnownFileType = sourcecode.swift; path = ListingPresenter.swift; sourceTree = "<group>"; };
		F703EB0D2BE2DC4000E8EB30 /* ListingInteractor.swift */ = {isa = PBXFileReference; lastKnownFileType = sourcecode.swift; path = ListingInteractor.swift; sourceTree = "<group>"; };
		F703EB0F2BE2DCC800E8EB30 /* ListingRouter.swift */ = {isa = PBXFileReference; lastKnownFileType = sourcecode.swift; path = ListingRouter.swift; sourceTree = "<group>"; };
		F703EB112BE2DD0500E8EB30 /* ListingProtocol.swift */ = {isa = PBXFileReference; lastKnownFileType = sourcecode.swift; path = ListingProtocol.swift; sourceTree = "<group>"; };
		F703EB152BE2DDA900E8EB30 /* Listing.swift */ = {isa = PBXFileReference; lastKnownFileType = sourcecode.swift; path = Listing.swift; sourceTree = "<group>"; };
		F703EB1A2BE2DE1D00E8EB30 /* NetworkLayer.swift */ = {isa = PBXFileReference; lastKnownFileType = sourcecode.swift; path = NetworkLayer.swift; sourceTree = "<group>"; };
		F703EB1E2BE2DE6500E8EB30 /* Constants.swift */ = {isa = PBXFileReference; lastKnownFileType = sourcecode.swift; path = Constants.swift; sourceTree = "<group>"; };
		F717692F2BE3140600F2728B /* DetailsScreenViewController.swift */ = {isa = PBXFileReference; lastKnownFileType = sourcecode.swift; path = DetailsScreenViewController.swift; sourceTree = "<group>"; };
		F71769312BE318EE00F2728B /* DetailsScreenPresenter.swift */ = {isa = PBXFileReference; lastKnownFileType = sourcecode.swift; path = DetailsScreenPresenter.swift; sourceTree = "<group>"; };
		F71769332BE31A4B00F2728B /* DetailsScreenProtocol.swift */ = {isa = PBXFileReference; lastKnownFileType = sourcecode.swift; path = DetailsScreenProtocol.swift; sourceTree = "<group>"; };
		F7DC94472BE38922006BEB11 /* Listing.storyboard */ = {isa = PBXFileReference; lastKnownFileType = file.storyboard; path = Listing.storyboard; sourceTree = "<group>"; };
		F7DC94492BE3899D006BEB11 /* Details.storyboard */ = {isa = PBXFileReference; lastKnownFileType = file.storyboard; path = Details.storyboard; sourceTree = "<group>"; };
		F7DC944C2BE38A41006BEB11 /* Globals.swift */ = {isa = PBXFileReference; lastKnownFileType = sourcecode.swift; path = Globals.swift; sourceTree = "<group>"; };
		F7DC944E2BE38FCA006BEB11 /* DetailsInteractor.swift */ = {isa = PBXFileReference; lastKnownFileType = sourcecode.swift; path = DetailsInteractor.swift; sourceTree = "<group>"; };
		F7DC94542BE3A38D006BEB11 /* InvadeTaskTests.xctest */ = {isa = PBXFileReference; explicitFileType = wrapper.cfbundle; includeInIndex = 0; path = InvadeTaskTests.xctest; sourceTree = BUILT_PRODUCTS_DIR; };
		F7DC945D2BE3A94B006BEB11 /* ListingViewControllerTests.swift */ = {isa = PBXFileReference; lastKnownFileType = sourcecode.swift; path = ListingViewControllerTests.swift; sourceTree = "<group>"; };
		F7DC945F2BE3AF16006BEB11 /* DetailsScreenViewControllerTests.swift */ = {isa = PBXFileReference; lastKnownFileType = sourcecode.swift; path = DetailsScreenViewControllerTests.swift; sourceTree = "<group>"; };
/* End PBXFileReference section */

/* Begin PBXFrameworksBuildPhase section */
		F703EAE32BE2B6E300E8EB30 /* Frameworks */ = {
			isa = PBXFrameworksBuildPhase;
			buildActionMask = 2147483647;
			files = (
				263B05DDFCA3C53F918F1671 /* Pods_InvadeTask.framework in Frameworks */,
			);
			runOnlyForDeploymentPostprocessing = 0;
		};
		F7DC94512BE3A38D006BEB11 /* Frameworks */ = {
			isa = PBXFrameworksBuildPhase;
			buildActionMask = 2147483647;
			files = (
			);
			runOnlyForDeploymentPostprocessing = 0;
		};
/* End PBXFrameworksBuildPhase section */

/* Begin PBXGroup section */
		27ABA485CF151D54CF4BA1B6 /* Frameworks */ = {
			isa = PBXGroup;
			children = (
				6E69EA38AC630B60FDA51E49 /* Pods_InvadeTask.framework */,
			);
			name = Frameworks;
			sourceTree = "<group>";
		};
		EA8F500AD775CFF5BAF3C518 /* Pods */ = {
			isa = PBXGroup;
			children = (
				C7276A25ED070BB9D5CB1691 /* Pods-InvadeTask.debug.xcconfig */,
				59205E069C09E3DFDF15A943 /* Pods-InvadeTask.release.xcconfig */,
			);
			path = Pods;
			sourceTree = "<group>";
		};
		F703EADD2BE2B6E300E8EB30 = {
			isa = PBXGroup;
			children = (
				F703EAE82BE2B6E300E8EB30 /* InvadeTask */,
				F7DC94552BE3A38E006BEB11 /* InvadeTaskTests */,
				F703EAE72BE2B6E300E8EB30 /* Products */,
				EA8F500AD775CFF5BAF3C518 /* Pods */,
				27ABA485CF151D54CF4BA1B6 /* Frameworks */,
			);
			sourceTree = "<group>";
		};
		F703EAE72BE2B6E300E8EB30 /* Products */ = {
			isa = PBXGroup;
			children = (
				F703EAE62BE2B6E300E8EB30 /* InvadeTask.app */,
				F7DC94542BE3A38D006BEB11 /* InvadeTaskTests.xctest */,
			);
			name = Products;
			sourceTree = "<group>";
		};
		F703EAE82BE2B6E300E8EB30 /* InvadeTask */ = {
			isa = PBXGroup;
			children = (
				F7DC944B2BE38A2E006BEB11 /* Globals */,
				F703EB012BE2D9CB00E8EB30 /* Scenes */,
				F703EB002BE2D81900E8EB30 /* NetworkLayer */,
				F703EAFF2BE2D7E100E8EB30 /* Resources */,
				F703EAFE2BE2D7BB00E8EB30 /* Configuration */,
				F703EAFD2BE2D79A00E8EB30 /* Core */,
			);
			path = InvadeTask;
			sourceTree = "<group>";
		};
		F703EAFD2BE2D79A00E8EB30 /* Core */ = {
			isa = PBXGroup;
			children = (
				F703EAE92BE2B6E300E8EB30 /* AppDelegate.swift */,
			);
			path = Core;
			sourceTree = "<group>";
		};
		F703EAFE2BE2D7BB00E8EB30 /* Configuration */ = {
			isa = PBXGroup;
			children = (
				F703EAF72BE2B6E600E8EB30 /* Info.plist */,
			);
			path = Configuration;
			sourceTree = "<group>";
		};
		F703EAFF2BE2D7E100E8EB30 /* Resources */ = {
			isa = PBXGroup;
			children = (
				F703EAF22BE2B6E600E8EB30 /* Assets.xcassets */,
				F703EAF42BE2B6E600E8EB30 /* LaunchScreen.storyboard */,
			);
			path = Resources;
			sourceTree = "<group>";
		};
		F703EB002BE2D81900E8EB30 /* NetworkLayer */ = {
			isa = PBXGroup;
			children = (
				F703EB1A2BE2DE1D00E8EB30 /* NetworkLayer.swift */,
				F703EB1E2BE2DE6500E8EB30 /* Constants.swift */,
			);
			path = NetworkLayer;
			sourceTree = "<group>";
		};
		F703EB012BE2D9CB00E8EB30 /* Scenes */ = {
			isa = PBXGroup;
			children = (
				F703EB022BE2D9EC00E8EB30 /* ListingScreen */,
				F703EB032BE2DA0600E8EB30 /* DetailsScreen */,
			);
			path = Scenes;
			sourceTree = "<group>";
		};
		F703EB022BE2D9EC00E8EB30 /* ListingScreen */ = {
			isa = PBXGroup;
			children = (
				F703EB142BE2DD9C00E8EB30 /* Model */,
				F703EB042BE2DA3E00E8EB30 /* TableViewCells */,
				F703EB092BE2DADD00E8EB30 /* ListingViewController.swift */,
				F703EB0B2BE2DC1200E8EB30 /* ListingPresenter.swift */,
				F703EB0D2BE2DC4000E8EB30 /* ListingInteractor.swift */,
				F703EB0F2BE2DCC800E8EB30 /* ListingRouter.swift */,
				F703EB112BE2DD0500E8EB30 /* ListingProtocol.swift */,
				F7DC94472BE38922006BEB11 /* Listing.storyboard */,
			);
			path = ListingScreen;
			sourceTree = "<group>";
		};
		F703EB032BE2DA0600E8EB30 /* DetailsScreen */ = {
			isa = PBXGroup;
			children = (
				F717692F2BE3140600F2728B /* DetailsScreenViewController.swift */,
				F71769312BE318EE00F2728B /* DetailsScreenPresenter.swift */,
				F71769332BE31A4B00F2728B /* DetailsScreenProtocol.swift */,
				F7DC944E2BE38FCA006BEB11 /* DetailsInteractor.swift */,
				F7DC94492BE3899D006BEB11 /* Details.storyboard */,
			);
			path = DetailsScreen;
			sourceTree = "<group>";
		};
		F703EB042BE2DA3E00E8EB30 /* TableViewCells */ = {
			isa = PBXGroup;
			children = (
				F703EB052BE2DA9C00E8EB30 /* ListingCell.swift */,
				F703EB062BE2DA9C00E8EB30 /* ListingCell.xib */,
			);
			path = TableViewCells;
			sourceTree = "<group>";
		};
		F703EB142BE2DD9C00E8EB30 /* Model */ = {
			isa = PBXGroup;
			children = (
				F703EB152BE2DDA900E8EB30 /* Listing.swift */,
			);
			path = Model;
			sourceTree = "<group>";
		};
		F7DC944B2BE38A2E006BEB11 /* Globals */ = {
			isa = PBXGroup;
			children = (
				F7DC944C2BE38A41006BEB11 /* Globals.swift */,
			);
			path = Globals;
			sourceTree = "<group>";
		};
		F7DC94552BE3A38E006BEB11 /* InvadeTaskTests */ = {
			isa = PBXGroup;
			children = (
				F7DC945D2BE3A94B006BEB11 /* ListingViewControllerTests.swift */,
				F7DC945F2BE3AF16006BEB11 /* DetailsScreenViewControllerTests.swift */,
			);
			path = InvadeTaskTests;
			sourceTree = "<group>";
		};
/* End PBXGroup section */

/* Begin PBXNativeTarget section */
		F703EAE52BE2B6E300E8EB30 /* InvadeTask */ = {
			isa = PBXNativeTarget;
			buildConfigurationList = F703EAFA2BE2B6E600E8EB30 /* Build configuration list for PBXNativeTarget "InvadeTask" */;
			buildPhases = (
				A1AD81F0C0AE46028005492A /* [CP] Check Pods Manifest.lock */,
				F703EAE22BE2B6E300E8EB30 /* Sources */,
				F703EAE32BE2B6E300E8EB30 /* Frameworks */,
				F703EAE42BE2B6E300E8EB30 /* Resources */,
				FA48C9B1FE9533EC78F41B50 /* [CP] Embed Pods Frameworks */,
			);
			buildRules = (
			);
			dependencies = (
			);
			name = InvadeTask;
			productName = InvadeTask;
			productReference = F703EAE62BE2B6E300E8EB30 /* InvadeTask.app */;
			productType = "com.apple.product-type.application";
		};
		F7DC94532BE3A38D006BEB11 /* InvadeTaskTests */ = {
			isa = PBXNativeTarget;
			buildConfigurationList = F7DC945C2BE3A38E006BEB11 /* Build configuration list for PBXNativeTarget "InvadeTaskTests" */;
			buildPhases = (
				F7DC94502BE3A38D006BEB11 /* Sources */,
				F7DC94512BE3A38D006BEB11 /* Frameworks */,
				F7DC94522BE3A38D006BEB11 /* Resources */,
			);
			buildRules = (
			);
			dependencies = (
				F7DC94592BE3A38E006BEB11 /* PBXTargetDependency */,
			);
			name = InvadeTaskTests;
			productName = InvadeTaskTests;
			productReference = F7DC94542BE3A38D006BEB11 /* InvadeTaskTests.xctest */;
			productType = "com.apple.product-type.bundle.unit-test";
		};
/* End PBXNativeTarget section */

/* Begin PBXProject section */
		F703EADE2BE2B6E300E8EB30 /* Project object */ = {
			isa = PBXProject;
			attributes = {
				BuildIndependentTargetsInParallel = 1;
				LastSwiftUpdateCheck = 1500;
				LastUpgradeCheck = 1500;
				TargetAttributes = {
					F703EAE52BE2B6E300E8EB30 = {
						CreatedOnToolsVersion = 15.0.1;
					};
					F7DC94532BE3A38D006BEB11 = {
						CreatedOnToolsVersion = 15.0.1;
						TestTargetID = F703EAE52BE2B6E300E8EB30;
					};
				};
			};
			buildConfigurationList = F703EAE12BE2B6E300E8EB30 /* Build configuration list for PBXProject "InvadeTask" */;
			compatibilityVersion = "Xcode 14.0";
			developmentRegion = en;
			hasScannedForEncodings = 0;
			knownRegions = (
				en,
				Base,
			);
			mainGroup = F703EADD2BE2B6E300E8EB30;
			productRefGroup = F703EAE72BE2B6E300E8EB30 /* Products */;
			projectDirPath = "";
			projectRoot = "";
			targets = (
				F703EAE52BE2B6E300E8EB30 /* InvadeTask */,
				F7DC94532BE3A38D006BEB11 /* InvadeTaskTests */,
			);
		};
/* End PBXProject section */

/* Begin PBXResourcesBuildPhase section */
		F703EAE42BE2B6E300E8EB30 /* Resources */ = {
			isa = PBXResourcesBuildPhase;
			buildActionMask = 2147483647;
			files = (
				F7DC94482BE38922006BEB11 /* Listing.storyboard in Resources */,
				F7DC944A2BE3899D006BEB11 /* Details.storyboard in Resources */,
				F703EAF62BE2B6E600E8EB30 /* LaunchScreen.storyboard in Resources */,
				F703EAF32BE2B6E600E8EB30 /* Assets.xcassets in Resources */,
				F703EB082BE2DA9C00E8EB30 /* ListingCell.xib in Resources */,
			);
			runOnlyForDeploymentPostprocessing = 0;
		};
		F7DC94522BE3A38D006BEB11 /* Resources */ = {
			isa = PBXResourcesBuildPhase;
			buildActionMask = 2147483647;
			files = (
			);
			runOnlyForDeploymentPostprocessing = 0;
		};
/* End PBXResourcesBuildPhase section */

/* Begin PBXShellScriptBuildPhase section */
		A1AD81F0C0AE46028005492A /* [CP] Check Pods Manifest.lock */ = {
			isa = PBXShellScriptBuildPhase;
			buildActionMask = 2147483647;
			files = (
			);
			inputFileListPaths = (
			);
			inputPaths = (
				"${PODS_PODFILE_DIR_PATH}/Podfile.lock",
				"${PODS_ROOT}/Manifest.lock",
			);
			name = "[CP] Check Pods Manifest.lock";
			outputFileListPaths = (
			);
			outputPaths = (
				"$(DERIVED_FILE_DIR)/Pods-InvadeTask-checkManifestLockResult.txt",
			);
			runOnlyForDeploymentPostprocessing = 0;
			shellPath = /bin/sh;
			shellScript = "diff \"${PODS_PODFILE_DIR_PATH}/Podfile.lock\" \"${PODS_ROOT}/Manifest.lock\" > /dev/null\nif [ $? != 0 ] ; then\n    # print error to STDERR\n    echo \"error: The sandbox is not in sync with the Podfile.lock. Run 'pod install' or update your CocoaPods installation.\" >&2\n    exit 1\nfi\n# This output is used by Xcode 'outputs' to avoid re-running this script phase.\necho \"SUCCESS\" > \"${SCRIPT_OUTPUT_FILE_0}\"\n";
			showEnvVarsInLog = 0;
		};
		FA48C9B1FE9533EC78F41B50 /* [CP] Embed Pods Frameworks */ = {
			isa = PBXShellScriptBuildPhase;
			buildActionMask = 2147483647;
			files = (
			);
			inputFileListPaths = (
				"${PODS_ROOT}/Target Support Files/Pods-InvadeTask/Pods-InvadeTask-frameworks-${CONFIGURATION}-input-files.xcfilelist",
			);
			name = "[CP] Embed Pods Frameworks";
			outputFileListPaths = (
				"${PODS_ROOT}/Target Support Files/Pods-InvadeTask/Pods-InvadeTask-frameworks-${CONFIGURATION}-output-files.xcfilelist",
			);
			runOnlyForDeploymentPostprocessing = 0;
			shellPath = /bin/sh;
			shellScript = "\"${PODS_ROOT}/Target Support Files/Pods-InvadeTask/Pods-InvadeTask-frameworks.sh\"\n";
			showEnvVarsInLog = 0;
		};
/* End PBXShellScriptBuildPhase section */

/* Begin PBXSourcesBuildPhase section */
		F703EAE22BE2B6E300E8EB30 /* Sources */ = {
			isa = PBXSourcesBuildPhase;
			buildActionMask = 2147483647;
			files = (
				F703EB072BE2DA9C00E8EB30 /* ListingCell.swift in Sources */,
				F71769322BE318EE00F2728B /* DetailsScreenPresenter.swift in Sources */,
				F703EB162BE2DDA900E8EB30 /* Listing.swift in Sources */,
				F703EB0E2BE2DC4000E8EB30 /* ListingInteractor.swift in Sources */,
				F71769302BE3140600F2728B /* DetailsScreenViewController.swift in Sources */,
				F71769342BE31A4B00F2728B /* DetailsScreenProtocol.swift in Sources */,
				F703EB1B2BE2DE1D00E8EB30 /* NetworkLayer.swift in Sources */,
				F703EB1F2BE2DE6500E8EB30 /* Constants.swift in Sources */,
				F703EB0C2BE2DC1200E8EB30 /* ListingPresenter.swift in Sources */,
				F703EB122BE2DD0500E8EB30 /* ListingProtocol.swift in Sources */,
				F7DC944F2BE38FCA006BEB11 /* DetailsInteractor.swift in Sources */,
				F703EAEA2BE2B6E300E8EB30 /* AppDelegate.swift in Sources */,
				F703EB102BE2DCC800E8EB30 /* ListingRouter.swift in Sources */,
				F7DC944D2BE38A41006BEB11 /* Globals.swift in Sources */,
				F703EB0A2BE2DADD00E8EB30 /* ListingViewController.swift in Sources */,
			);
			runOnlyForDeploymentPostprocessing = 0;
		};
		F7DC94502BE3A38D006BEB11 /* Sources */ = {
			isa = PBXSourcesBuildPhase;
			buildActionMask = 2147483647;
			files = (
				F7DC945E2BE3A94B006BEB11 /* ListingViewControllerTests.swift in Sources */,
				F7DC94602BE3AF16006BEB11 /* DetailsScreenViewControllerTests.swift in Sources */,
			);
			runOnlyForDeploymentPostprocessing = 0;
		};
/* End PBXSourcesBuildPhase section */

/* Begin PBXTargetDependency section */
		F7DC94592BE3A38E006BEB11 /* PBXTargetDependency */ = {
			isa = PBXTargetDependency;
			target = F703EAE52BE2B6E300E8EB30 /* InvadeTask */;
			targetProxy = F7DC94582BE3A38E006BEB11 /* PBXContainerItemProxy */;
		};
/* End PBXTargetDependency section */

/* Begin PBXVariantGroup section */
		F703EAF42BE2B6E600E8EB30 /* LaunchScreen.storyboard */ = {
			isa = PBXVariantGroup;
			children = (
				F703EAF52BE2B6E600E8EB30 /* Base */,
			);
			name = LaunchScreen.storyboard;
			sourceTree = "<group>";
		};
/* End PBXVariantGroup section */

/* Begin XCBuildConfiguration section */
		F703EAF82BE2B6E600E8EB30 /* Debug */ = {
			isa = XCBuildConfiguration;
			buildSettings = {
				ALWAYS_SEARCH_USER_PATHS = NO;
				ASSETCATALOG_COMPILER_GENERATE_SWIFT_ASSET_SYMBOL_EXTENSIONS = YES;
				CLANG_ANALYZER_NONNULL = YES;
				CLANG_ANALYZER_NUMBER_OBJECT_CONVERSION = YES_AGGRESSIVE;
				CLANG_CXX_LANGUAGE_STANDARD = "gnu++20";
				CLANG_ENABLE_MODULES = YES;
				CLANG_ENABLE_OBJC_ARC = YES;
				CLANG_ENABLE_OBJC_WEAK = YES;
				CLANG_WARN_BLOCK_CAPTURE_AUTORELEASING = YES;
				CLANG_WARN_BOOL_CONVERSION = YES;
				CLANG_WARN_COMMA = YES;
				CLANG_WARN_CONSTANT_CONVERSION = YES;
				CLANG_WARN_DEPRECATED_OBJC_IMPLEMENTATIONS = YES;
				CLANG_WARN_DIRECT_OBJC_ISA_USAGE = YES_ERROR;
				CLANG_WARN_DOCUMENTATION_COMMENTS = YES;
				CLANG_WARN_EMPTY_BODY = YES;
				CLANG_WARN_ENUM_CONVERSION = YES;
				CLANG_WARN_INFINITE_RECURSION = YES;
				CLANG_WARN_INT_CONVERSION = YES;
				CLANG_WARN_NON_LITERAL_NULL_CONVERSION = YES;
				CLANG_WARN_OBJC_IMPLICIT_RETAIN_SELF = YES;
				CLANG_WARN_OBJC_LITERAL_CONVERSION = YES;
				CLANG_WARN_OBJC_ROOT_CLASS = YES_ERROR;
				CLANG_WARN_QUOTED_INCLUDE_IN_FRAMEWORK_HEADER = YES;
				CLANG_WARN_RANGE_LOOP_ANALYSIS = YES;
				CLANG_WARN_STRICT_PROTOTYPES = YES;
				CLANG_WARN_SUSPICIOUS_MOVE = YES;
				CLANG_WARN_UNGUARDED_AVAILABILITY = YES_AGGRESSIVE;
				CLANG_WARN_UNREACHABLE_CODE = YES;
				CLANG_WARN__DUPLICATE_METHOD_MATCH = YES;
				COPY_PHASE_STRIP = NO;
				DEBUG_INFORMATION_FORMAT = dwarf;
				ENABLE_STRICT_OBJC_MSGSEND = YES;
				ENABLE_TESTABILITY = YES;
				ENABLE_USER_SCRIPT_SANDBOXING = YES;
				GCC_C_LANGUAGE_STANDARD = gnu17;
				GCC_DYNAMIC_NO_PIC = NO;
				GCC_NO_COMMON_BLOCKS = YES;
				GCC_OPTIMIZATION_LEVEL = 0;
				GCC_PREPROCESSOR_DEFINITIONS = (
					"DEBUG=1",
					"$(inherited)",
				);
				GCC_WARN_64_TO_32_BIT_CONVERSION = YES;
				GCC_WARN_ABOUT_RETURN_TYPE = YES_ERROR;
				GCC_WARN_UNDECLARED_SELECTOR = YES;
				GCC_WARN_UNINITIALIZED_AUTOS = YES_AGGRESSIVE;
				GCC_WARN_UNUSED_FUNCTION = YES;
				GCC_WARN_UNUSED_VARIABLE = YES;
				IPHONEOS_DEPLOYMENT_TARGET = 15.0;
				LOCALIZATION_PREFERS_STRING_CATALOGS = YES;
				MTL_ENABLE_DEBUG_INFO = INCLUDE_SOURCE;
				MTL_FAST_MATH = YES;
				ONLY_ACTIVE_ARCH = YES;
				SDKROOT = iphoneos;
				SWIFT_ACTIVE_COMPILATION_CONDITIONS = "DEBUG $(inherited)";
				SWIFT_OPTIMIZATION_LEVEL = "-Onone";
			};
			name = Debug;
		};
		F703EAF92BE2B6E600E8EB30 /* Release */ = {
			isa = XCBuildConfiguration;
			buildSettings = {
				ALWAYS_SEARCH_USER_PATHS = NO;
				ASSETCATALOG_COMPILER_GENERATE_SWIFT_ASSET_SYMBOL_EXTENSIONS = YES;
				CLANG_ANALYZER_NONNULL = YES;
				CLANG_ANALYZER_NUMBER_OBJECT_CONVERSION = YES_AGGRESSIVE;
				CLANG_CXX_LANGUAGE_STANDARD = "gnu++20";
				CLANG_ENABLE_MODULES = YES;
				CLANG_ENABLE_OBJC_ARC = YES;
				CLANG_ENABLE_OBJC_WEAK = YES;
				CLANG_WARN_BLOCK_CAPTURE_AUTORELEASING = YES;
				CLANG_WARN_BOOL_CONVERSION = YES;
				CLANG_WARN_COMMA = YES;
				CLANG_WARN_CONSTANT_CONVERSION = YES;
				CLANG_WARN_DEPRECATED_OBJC_IMPLEMENTATIONS = YES;
				CLANG_WARN_DIRECT_OBJC_ISA_USAGE = YES_ERROR;
				CLANG_WARN_DOCUMENTATION_COMMENTS = YES;
				CLANG_WARN_EMPTY_BODY = YES;
				CLANG_WARN_ENUM_CONVERSION = YES;
				CLANG_WARN_INFINITE_RECURSION = YES;
				CLANG_WARN_INT_CONVERSION = YES;
				CLANG_WARN_NON_LITERAL_NULL_CONVERSION = YES;
				CLANG_WARN_OBJC_IMPLICIT_RETAIN_SELF = YES;
				CLANG_WARN_OBJC_LITERAL_CONVERSION = YES;
				CLANG_WARN_OBJC_ROOT_CLASS = YES_ERROR;
				CLANG_WARN_QUOTED_INCLUDE_IN_FRAMEWORK_HEADER = YES;
				CLANG_WARN_RANGE_LOOP_ANALYSIS = YES;
				CLANG_WARN_STRICT_PROTOTYPES = YES;
				CLANG_WARN_SUSPICIOUS_MOVE = YES;
				CLANG_WARN_UNGUARDED_AVAILABILITY = YES_AGGRESSIVE;
				CLANG_WARN_UNREACHABLE_CODE = YES;
				CLANG_WARN__DUPLICATE_METHOD_MATCH = YES;
				COPY_PHASE_STRIP = NO;
				DEBUG_INFORMATION_FORMAT = "dwarf-with-dsym";
				ENABLE_NS_ASSERTIONS = NO;
				ENABLE_STRICT_OBJC_MSGSEND = YES;
				ENABLE_USER_SCRIPT_SANDBOXING = YES;
				GCC_C_LANGUAGE_STANDARD = gnu17;
				GCC_NO_COMMON_BLOCKS = YES;
				GCC_WARN_64_TO_32_BIT_CONVERSION = YES;
				GCC_WARN_ABOUT_RETURN_TYPE = YES_ERROR;
				GCC_WARN_UNDECLARED_SELECTOR = YES;
				GCC_WARN_UNINITIALIZED_AUTOS = YES_AGGRESSIVE;
				GCC_WARN_UNUSED_FUNCTION = YES;
				GCC_WARN_UNUSED_VARIABLE = YES;
				IPHONEOS_DEPLOYMENT_TARGET = 15.0;
				LOCALIZATION_PREFERS_STRING_CATALOGS = YES;
				MTL_ENABLE_DEBUG_INFO = NO;
				MTL_FAST_MATH = YES;
				SDKROOT = iphoneos;
				SWIFT_COMPILATION_MODE = wholemodule;
				VALIDATE_PRODUCT = YES;
			};
			name = Release;
		};
		F703EAFB2BE2B6E600E8EB30 /* Debug */ = {
			isa = XCBuildConfiguration;
			baseConfigurationReference = C7276A25ED070BB9D5CB1691 /* Pods-InvadeTask.debug.xcconfig */;
			buildSettings = {
				ASSETCATALOG_COMPILER_APPICON_NAME = AppIcon;
				ASSETCATALOG_COMPILER_GLOBAL_ACCENT_COLOR_NAME = AccentColor;
				CODE_SIGN_STYLE = Automatic;
				CURRENT_PROJECT_VERSION = 1;
				DEVELOPMENT_TEAM = 33R6DGRHNR;
				ENABLE_USER_SCRIPT_SANDBOXING = NO;
				GENERATE_INFOPLIST_FILE = YES;
				INFOPLIST_FILE = InvadeTask/Configuration/Info.plist;
				INFOPLIST_KEY_UIApplicationSupportsIndirectInputEvents = YES;
				INFOPLIST_KEY_UILaunchStoryboardName = LaunchScreen;
				INFOPLIST_KEY_UIMainStoryboardFile = Listing;
				INFOPLIST_KEY_UIStatusBarStyle = UIStatusBarStyleDarkContent;
				INFOPLIST_KEY_UISupportedInterfaceOrientations_iPad = "UIInterfaceOrientationPortrait UIInterfaceOrientationPortraitUpsideDown UIInterfaceOrientationLandscapeLeft UIInterfaceOrientationLandscapeRight";
				INFOPLIST_KEY_UISupportedInterfaceOrientations_iPhone = "UIInterfaceOrientationPortrait UIInterfaceOrientationLandscapeLeft UIInterfaceOrientationLandscapeRight";
				IPHONEOS_DEPLOYMENT_TARGET = 15.0;
				LD_RUNPATH_SEARCH_PATHS = (
					"$(inherited)",
					"@executable_path/Frameworks",
				);
				MARKETING_VERSION = 1.0;
				PRODUCT_BUNDLE_IDENTIFIER = com.InvadeTask;
				PRODUCT_NAME = "$(TARGET_NAME)";
				SWIFT_EMIT_LOC_STRINGS = YES;
				SWIFT_VERSION = 5.0;
				TARGETED_DEVICE_FAMILY = "1,2";
			};
			name = Debug;
		};
		F703EAFC2BE2B6E600E8EB30 /* Release */ = {
			isa = XCBuildConfiguration;
			baseConfigurationReference = 59205E069C09E3DFDF15A943 /* Pods-InvadeTask.release.xcconfig */;
			buildSettings = {
				ASSETCATALOG_COMPILER_APPICON_NAME = AppIcon;
				ASSETCATALOG_COMPILER_GLOBAL_ACCENT_COLOR_NAME = AccentColor;
				CODE_SIGN_STYLE = Automatic;
				CURRENT_PROJECT_VERSION = 1;
				DEVELOPMENT_TEAM = 33R6DGRHNR;
				ENABLE_USER_SCRIPT_SANDBOXING = NO;
				GENERATE_INFOPLIST_FILE = YES;
				INFOPLIST_FILE = InvadeTask/Configuration/Info.plist;
				INFOPLIST_KEY_UIApplicationSupportsIndirectInputEvents = YES;
				INFOPLIST_KEY_UILaunchStoryboardName = LaunchScreen;
				INFOPLIST_KEY_UIMainStoryboardFile = Listing;
				INFOPLIST_KEY_UIStatusBarStyle = UIStatusBarStyleDarkContent;
				INFOPLIST_KEY_UISupportedInterfaceOrientations_iPad = "UIInterfaceOrientationPortrait UIInterfaceOrientationPortraitUpsideDown UIInterfaceOrientationLandscapeLeft UIInterfaceOrientationLandscapeRight";
				INFOPLIST_KEY_UISupportedInterfaceOrientations_iPhone = "UIInterfaceOrientationPortrait UIInterfaceOrientationLandscapeLeft UIInterfaceOrientationLandscapeRight";
				IPHONEOS_DEPLOYMENT_TARGET = 15.0;
				LD_RUNPATH_SEARCH_PATHS = (
					"$(inherited)",
					"@executable_path/Frameworks",
				);
				MARKETING_VERSION = 1.0;
				PRODUCT_BUNDLE_IDENTIFIER = com.InvadeTask;
				PRODUCT_NAME = "$(TARGET_NAME)";
				SWIFT_EMIT_LOC_STRINGS = YES;
				SWIFT_VERSION = 5.0;
				TARGETED_DEVICE_FAMILY = "1,2";
			};
			name = Release;
		};
		F7DC945A2BE3A38E006BEB11 /* Debug */ = {
			isa = XCBuildConfiguration;
			buildSettings = {
				BUNDLE_LOADER = "$(TEST_HOST)";
				CODE_SIGN_STYLE = Automatic;
				CURRENT_PROJECT_VERSION = 1;
				DEVELOPMENT_TEAM = 33R6DGRHNR;
				GENERATE_INFOPLIST_FILE = YES;
				IPHONEOS_DEPLOYMENT_TARGET = 17.0;
				MARKETING_VERSION = 1.0;
				PRODUCT_BUNDLE_IDENTIFIER = com.InvadeTaskTests;
				PRODUCT_NAME = "$(TARGET_NAME)";
				SWIFT_EMIT_LOC_STRINGS = NO;
				SWIFT_VERSION = 5.0;
				TARGETED_DEVICE_FAMILY = "1,2";
				TEST_HOST = "$(BUILT_PRODUCTS_DIR)/InvadeTask.app/$(BUNDLE_EXECUTABLE_FOLDER_PATH)/InvadeTask";
			};
			name = Debug;
		};
		F7DC945B2BE3A38E006BEB11 /* Release */ = {
			isa = XCBuildConfiguration;
			buildSettings = {
				BUNDLE_LOADER = "$(TEST_HOST)";
				CODE_SIGN_STYLE = Automatic;
				CURRENT_PROJECT_VERSION = 1;
				DEVELOPMENT_TEAM = 33R6DGRHNR;
				GENERATE_INFOPLIST_FILE = YES;
				IPHONEOS_DEPLOYMENT_TARGET = 17.0;
				MARKETING_VERSION = 1.0;
				PRODUCT_BUNDLE_IDENTIFIER = com.InvadeTaskTests;
				PRODUCT_NAME = "$(TARGET_NAME)";
				SWIFT_EMIT_LOC_STRINGS = NO;
				SWIFT_VERSION = 5.0;
				TARGETED_DEVICE_FAMILY = "1,2";
				TEST_HOST = "$(BUILT_PRODUCTS_DIR)/InvadeTask.app/$(BUNDLE_EXECUTABLE_FOLDER_PATH)/InvadeTask";
			};
			name = Release;
		};
/* End XCBuildConfiguration section */

/* Begin XCConfigurationList section */
		F703EAE12BE2B6E300E8EB30 /* Build configuration list for PBXProject "InvadeTask" */ = {
			isa = XCConfigurationList;
			buildConfigurations = (
				F703EAF82BE2B6E600E8EB30 /* Debug */,
				F703EAF92BE2B6E600E8EB30 /* Release */,
			);
			defaultConfigurationIsVisible = 0;
			defaultConfigurationName = Release;
		};
		F703EAFA2BE2B6E600E8EB30 /* Build configuration list for PBXNativeTarget "InvadeTask" */ = {
			isa = XCConfigurationList;
			buildConfigurations = (
				F703EAFB2BE2B6E600E8EB30 /* Debug */,
				F703EAFC2BE2B6E600E8EB30 /* Release */,
			);
			defaultConfigurationIsVisible = 0;
			defaultConfigurationName = Release;
		};
		F7DC945C2BE3A38E006BEB11 /* Build configuration list for PBXNativeTarget "InvadeTaskTests" */ = {
			isa = XCConfigurationList;
			buildConfigurations = (
				F7DC945A2BE3A38E006BEB11 /* Debug */,
				F7DC945B2BE3A38E006BEB11 /* Release */,
			);
			defaultConfigurationIsVisible = 0;
			defaultConfigurationName = Release;
		};
/* End XCConfigurationList section */
	};
	rootObject = F703EADE2BE2B6E300E8EB30 /* Project object */;
}
